
Microsoft Visual Studio Solution File, Format Version 12.00
# Visual Studio 15
VisualStudioVersion = 15.0.27004.2010
MinimumVisualStudioVersion = 10.0.40219.1
Project("{FAE04EC0-301F-11D3-BF4B-00C04F79EFBC}") = "WindowsFormsApp1", "WindowsFormsApp1\WindowsFormsApp1.csproj", "{31CC62C4-3574-430C-9319-5A392B154B5E}"
EndProject
Project("{9A19103F-16F7-4668-BE54-9A1E7A4F7556}") = "CryptoCompare", "..\..\..\Downloads\cryptocompare-api-develop\cryptocompare-api-develop\src\CryptoCompare\CryptoCompare.csproj", "{08FC28A7-0DE3-4536-80E9-F1437F0AF55C}"
EndProject
Global
	GlobalSection(SolutionConfigurationPlatforms) = preSolution
		Debug|Any CPU = Debug|Any CPU
		Release|Any CPU = Release|Any CPU
	EndGlobalSection
	GlobalSection(ProjectConfigurationPlatforms) = postSolution
		{31CC62C4-3574-430C-9319-5A392B154B5E}.Debug|Any CPU.ActiveCfg = Debug|Any CPU
		{31CC62C4-3574-430C-9319-5A392B154B5E}.Debug|Any CPU.Build.0 = Debug|Any CPU
		{31CC62C4-3574-430C-9319-5A392B154B5E}.Release|Any CPU.ActiveCfg = Release|Any CPU
		{31CC62C4-3574-430C-9319-5A392B154B5E}.Release|Any CPU.Build.0 = Release|Any CPU
		{08FC28A7-0DE3-4536-80E9-F1437F0AF55C}.Debug|Any CPU.ActiveCfg = Debug|Any CPU
		{08FC28A7-0DE3-4536-80E9-F1437F0AF55C}.Debug|Any CPU.Build.0 = Debug|Any CPU
		{08FC28A7-0DE3-4536-80E9-F1437F0AF55C}.Release|Any CPU.ActiveCfg = Release|Any CPU
		{08FC28A7-0DE3-4536-80E9-F1437F0AF55C}.Release|Any CPU.Build.0 = Release|Any CPU
	EndGlobalSection
	GlobalSection(SolutionProperties) = preSolution
		HideSolutionNode = FALSE
	EndGlobalSection
	GlobalSection(ExtensibilityGlobals) = postSolution
		SolutionGuid = {AC19D8BD-7B40-44F0-B3DF-CEDE873B3571}
	EndGlobalSection
EndGlobal
